
Microsoft Visual Studio Solution File, Format Version 12.00
# Visual Studio 15
VisualStudioVersion = 15.0.27703.2047
MinimumVisualStudioVersion = 10.0.40219.1
Project("{F184B08F-C81C-45F6-A57F-5ABD9991F28F}") = "Blinky Grid Programmer", "Blinky Grid Programmer\Blinky Grid Programmer.vbproj", "{2222A441-2868-4FEF-AE74-12844C2FDDAD}"
EndProject
Global
	GlobalSection(SolutionConfigurationPlatforms) = preSolution
		Debug|Any CPU = Debug|Any CPU
		Release|Any CPU = Release|Any CPU
	EndGlobalSection
	GlobalSection(ProjectConfigurationPlatforms) = postSolution
		{2222A441-2868-4FEF-AE74-12844C2FDDAD}.Debug|Any CPU.ActiveCfg = Debug|Any CPU
		{2222A441-2868-4FEF-AE74-12844C2FDDAD}.Debug|Any CPU.Build.0 = Debug|Any CPU
		{2222A441-2868-4FEF-AE74-12844C2FDDAD}.Release|Any CPU.ActiveCfg = Release|Any CPU
		{2222A441-2868-4FEF-AE74-12844C2FDDAD}.Release|Any CPU.Build.0 = Release|Any CPU
	EndGlobalSection
	GlobalSection(SolutionProperties) = preSolution
		HideSolutionNode = FALSE
	EndGlobalSection
	GlobalSection(ExtensibilityGlobals) = postSolution
		SolutionGuid = {C706DF7E-C34C-436A-9140-A2FB4F55E76B}
	EndGlobalSection
EndGlobal
